dependencies:
- name: gateway
  repository: https://istio-release.storage.googleapis.com/charts
  version: 1.18.2
- name: istiod
  repository: https://istio-release.storage.googleapis.com/charts
  version: 1.18.2
- name: base
  repository: https://istio-release.storage.googleapis.com/charts
  version: 1.18.2
digest: sha256:6675b8b3a43406bd42bb06a4452a054592e2efb8838eeb81be54791564e64818
generated: "2023-08-02T18:14:08.530448-04:00"
